
Microsoft Visual Studio Solution File, Format Version 12.00
# Visual Studio 14
VisualStudioVersion = 14.0.25420.1
MinimumVisualStudioVersion = 10.0.40219.1
Project("{2150E333-8FDC-42A3-9474-1A3956D46DE8}") = "Solution Items", "Solution Items", "{8ACDF89B-416D-4DE3-A993-68B63AE7DA0F}"
	ProjectSection(SolutionItems) = preProject
		about.html = about.html
		about2.html = about2.html
		footer.html = footer.html
		gamedev.html = gamedev.html
		index-navigation.html = index-navigation.html
		index.html = index.html
		modals.html = modals.html
		old.html = old.html
		Oldpage.html = Oldpage.html
		portfolio-navigation.html = portfolio-navigation.html
		portfolio.html = portfolio.html
		projectdev.html = projectdev.html
		README.md = README.md
	EndProjectSection
EndProject
Project("{2150E333-8FDC-42A3-9474-1A3956D46DE8}") = "content", "content", "{1A9ECD87-EC1D-4ADD-BA8E-051FF28C2248}"
	ProjectSection(SolutionItems) = preProject
		content\Bach_nomination.pdf = content\Bach_nomination.pdf
		content\ICCC_2016_Paper_PDF_36.pdf = content\ICCC_2016_Paper_PDF_36.pdf
		content\Kerberos.docx = content\Kerberos.docx
		content\resume.pdf = content\resume.pdf
		content\steganography.pdf = content\steganography.pdf
		content\ViFlow - Interactive Augmented Reality for Dance-HD.mp4 = content\ViFlow - Interactive Augmented Reality for Dance-HD.mp4
	EndProjectSection
EndProject
Project("{2150E333-8FDC-42A3-9474-1A3956D46DE8}") = "css", "css", "{4DC5EC4D-3325-472C-88FC-C6109F09B5EB}"
	ProjectSection(SolutionItems) = preProject
		css\index.css = css\index.css
		css\portfolio.css = css\portfolio.css
	EndProjectSection
EndProject
Project("{2150E333-8FDC-42A3-9474-1A3956D46DE8}") = "font-awesome", "font-awesome", "{C4838A57-D12B-4CEC-8112-91C4E5BBED42}"
EndProject
Project("{2150E333-8FDC-42A3-9474-1A3956D46DE8}") = "css", "css", "{DBA92B7A-DFFE-419D-BE4B-B099A3D69A79}"
	ProjectSection(SolutionItems) = preProject
		font-awesome\css\font-awesome.css = font-awesome\css\font-awesome.css
		font-awesome\css\font-awesome.min.css = font-awesome\css\font-awesome.min.css
	EndProjectSection
EndProject
Project("{2150E333-8FDC-42A3-9474-1A3956D46DE8}") = "fonts", "fonts", "{CF040108-6468-42F0-B622-ABBAEA6CCB19}"
	ProjectSection(SolutionItems) = preProject
		font-awesome\fonts\fontawesome-webfont.eot = font-awesome\fonts\fontawesome-webfont.eot
		font-awesome\fonts\fontawesome-webfont.svg = font-awesome\fonts\fontawesome-webfont.svg
		font-awesome\fonts\fontawesome-webfont.ttf = font-awesome\fonts\fontawesome-webfont.ttf
		font-awesome\fonts\fontawesome-webfont.woff = font-awesome\fonts\fontawesome-webfont.woff
		font-awesome\fonts\FontAwesome.otf = font-awesome\fonts\FontAwesome.otf
	EndProjectSection
EndProject
Project("{2150E333-8FDC-42A3-9474-1A3956D46DE8}") = "less", "less", "{D9E134A8-6944-4752-B2A2-61E78EC7C82F}"
	ProjectSection(SolutionItems) = preProject
		font-awesome\less\bordered-pulled.less = font-awesome\less\bordered-pulled.less
		font-awesome\less\core.less = font-awesome\less\core.less
		font-awesome\less\fixed-width.less = font-awesome\less\fixed-width.less
		font-awesome\less\font-awesome.less = font-awesome\less\font-awesome.less
		font-awesome\less\icons.less = font-awesome\less\icons.less
		font-awesome\less\larger.less = font-awesome\less\larger.less
		font-awesome\less\list.less = font-awesome\less\list.less
		font-awesome\less\mixins.less = font-awesome\less\mixins.less
		font-awesome\less\path.less = font-awesome\less\path.less
		font-awesome\less\rotated-flipped.less = font-awesome\less\rotated-flipped.less
		font-awesome\less\spinning.less = font-awesome\less\spinning.less
		font-awesome\less\stacked.less = font-awesome\less\stacked.less
		font-awesome\less\variables.less = font-awesome\less\variables.less
	EndProjectSection
EndProject
Project("{2150E333-8FDC-42A3-9474-1A3956D46DE8}") = "scss", "scss", "{C87E6B51-FDD0-48D4-AFDF-3EE7DE869B91}"
	ProjectSection(SolutionItems) = preProject
		font-awesome\scss\_bordered-pulled.scss = font-awesome\scss\_bordered-pulled.scss
		font-awesome\scss\_core.scss = font-awesome\scss\_core.scss
		font-awesome\scss\_fixed-width.scss = font-awesome\scss\_fixed-width.scss
		font-awesome\scss\_icons.scss = font-awesome\scss\_icons.scss
		font-awesome\scss\_larger.scss = font-awesome\scss\_larger.scss
		font-awesome\scss\_list.scss = font-awesome\scss\_list.scss
		font-awesome\scss\_mixins.scss = font-awesome\scss\_mixins.scss
		font-awesome\scss\_path.scss = font-awesome\scss\_path.scss
		font-awesome\scss\_rotated-flipped.scss = font-awesome\scss\_rotated-flipped.scss
		font-awesome\scss\_spinning.scss = font-awesome\scss\_spinning.scss
		font-awesome\scss\_stacked.scss = font-awesome\scss\_stacked.scss
		font-awesome\scss\_variables.scss = font-awesome\scss\_variables.scss
		font-awesome\scss\font-awesome.scss = font-awesome\scss\font-awesome.scss
	EndProjectSection
EndProject
Project("{2150E333-8FDC-42A3-9474-1A3956D46DE8}") = "fonts", "fonts", "{9FD3D34B-24C9-4F80-853F-207079209275}"
	ProjectSection(SolutionItems) = preProject
		fonts\glyphicons-halflings-regular.eot = fonts\glyphicons-halflings-regular.eot
		fonts\glyphicons-halflings-regular.svg = fonts\glyphicons-halflings-regular.svg
		fonts\glyphicons-halflings-regular.ttf = fonts\glyphicons-halflings-regular.ttf
		fonts\glyphicons-halflings-regular.woff = fonts\glyphicons-halflings-regular.woff
		fonts\glyphicons-halflings-regular.woff2 = fonts\glyphicons-halflings-regular.woff2
		fonts\Gravity-Bold.otf = fonts\Gravity-Bold.otf
		fonts\Gravity-BoldItalic.otf = fonts\Gravity-BoldItalic.otf
		fonts\Gravity-Book.otf = fonts\Gravity-Book.otf
		fonts\Gravity-BookItalic.otf = fonts\Gravity-BookItalic.otf
		fonts\Gravity-Italic.otf = fonts\Gravity-Italic.otf
		fonts\Gravity-Light.otf = fonts\Gravity-Light.otf
		fonts\Gravity-LightItalic.otf = fonts\Gravity-LightItalic.otf
		fonts\Gravity-Regular.otf = fonts\Gravity-Regular.otf
		fonts\Gravity-UltraLight.otf = fonts\Gravity-UltraLight.otf
		fonts\Gravity-UltraLightItalic.otf = fonts\Gravity-UltraLightItalic.otf
		fonts\Gravity_License.pdf = fonts\Gravity_License.pdf
	EndProjectSection
EndProject
Project("{2150E333-8FDC-42A3-9474-1A3956D46DE8}") = "img", "img", "{3E25AB9E-55C1-4820-A0B0-37BB0B85D6DA}"
	ProjectSection(SolutionItems) = preProject
		img\background.png = img\background.png
		img\downloads-bg.jpg = img\downloads-bg.jpg
		img\intro-bg.jpg = img\intro-bg.jpg
		..\..\Downloads\pretty-background.jpeg = ..\..\Downloads\pretty-background.jpeg
	EndProjectSection
EndProject
Project("{2150E333-8FDC-42A3-9474-1A3956D46DE8}") = "js", "js", "{AFD6F6A4-DDD7-43EE-9B8E-7484772E8D99}"
	ProjectSection(SolutionItems) = preProject
		js\grayscale.js = js\grayscale.js
		js\jquery.easing.min.js = js\jquery.easing.min.js
		js\jquery.js = js\jquery.js
	EndProjectSection
EndProject
Project("{2150E333-8FDC-42A3-9474-1A3956D46DE8}") = "less", "less", "{07AC4149-81A9-433C-982B-321C6BF5CD67}"
	ProjectSection(SolutionItems) = preProject
		less\grayscale.less = less\grayscale.less
		less\panels.less = less\panels.less
		less\variables.less = less\variables.less
	EndProjectSection
EndProject
Project("{2150E333-8FDC-42A3-9474-1A3956D46DE8}") = "sass", "sass", "{80F0C823-6732-4740-BE43-BABE45CD5985}"
	ProjectSection(SolutionItems) = preProject
		sass\_mixins.scss = sass\_mixins.scss
		sass\_variables.scss = sass\_variables.scss
		sass\grayscale.scss = sass\grayscale.scss
	EndProjectSection
EndProject
Project("{2150E333-8FDC-42A3-9474-1A3956D46DE8}") = "portfolio", "portfolio", "{A2BE9BCA-2C4C-4DB7-BBEC-C39B38C1C2C6}"
	ProjectSection(SolutionItems) = preProject
		img\portfolio\dawnofadamimg.png = img\portfolio\dawnofadamimg.png
		img\portfolio\dawnofadamv2.png = img\portfolio\dawnofadamv2.png
		img\portfolio\hackgtpic.png = img\portfolio\hackgtpic.png
		img\portfolio\hmbpic.png = img\portfolio\hmbpic.png
		img\portfolio\jimislost.png = img\portfolio\jimislost.png
		img\portfolio\jimsadventureimg.png = img\portfolio\jimsadventureimg.png
		img\portfolio\ludum33-1.jpg = img\portfolio\ludum33-1.jpg
		img\portfolio\ludum33-2.jpg = img\portfolio\ludum33-2.jpg
		img\portfolio\ludum33-3.jpg = img\portfolio\ludum33-3.jpg
		img\portfolio\ludum33-4.jpg = img\portfolio\ludum33-4.jpg
		img\map-marker.png = img\map-marker.png
		img\portfolio\mipsassembler.png = img\portfolio\mipsassembler.png
		img\portfolio\mst.png = img\portfolio\mst.png
		img\portfolio\mst2.png = img\portfolio\mst2.png
		img\portfolio\mst3.png = img\portfolio\mst3.png
		img\portfolio\mst4.png = img\portfolio\mst4.png
		img\portfolio\mstmanager.png = img\portfolio\mstmanager.png
		img\portfolio\noisemap.png = img\portfolio\noisemap.png
		img\portfolio\parallaxis-basement.jpg = img\portfolio\parallaxis-basement.jpg
		img\portfolio\parallaxis-basement1.jpg = img\portfolio\parallaxis-basement1.jpg
		img\portfolio\parallaxis-cave.jpg = img\portfolio\parallaxis-cave.jpg
		img\portfolio\parallaxis-cityentrance.jpg = img\portfolio\parallaxis-cityentrance.jpg
		img\portfolio\parallaxis-dreadking.jpg = img\portfolio\parallaxis-dreadking.jpg
		img\portfolio\parallaxis-entrance.jpg = img\portfolio\parallaxis-entrance.jpg
		img\portfolio\parallaxis-hidden.jpg = img\portfolio\parallaxis-hidden.jpg
		img\portfolio\parallaxis-kings.jpg = img\portfolio\parallaxis-kings.jpg
		img\portfolio\parallaxis-summon.jpg = img\portfolio\parallaxis-summon.jpg
		img\portfolio\pathfindmaze-complete.png = img\portfolio\pathfindmaze-complete.png
		img\portfolio\projectplanning.png = img\portfolio\projectplanning.png
		img\portfolio\simulator.png = img\portfolio\simulator.png
		img\portfolio\SlideySquare512_clean.png = img\portfolio\SlideySquare512_clean.png
		img\portfolio\ttt.png = img\portfolio\ttt.png
	EndProjectSection
EndProject
Project("{2150E333-8FDC-42A3-9474-1A3956D46DE8}") = "logo", "logo", "{A65E28D0-AA1A-499D-9ECD-51CD8B7C3550}"
	ProjectSection(SolutionItems) = preProject
		img\portfolio\acm.png = img\portfolio\acm.png
		img\portfolio\bbygs.png = img\portfolio\bbygs.png
		img\portfolio\blizz.png = img\portfolio\blizz.png
		img\portfolio\cyber.png = img\portfolio\cyber.png
		img\portfolio\fsulogo.jpg = img\portfolio\fsulogo.jpg
		img\portfolio\git-icon.png = img\portfolio\git-icon.png
		img\portfolio\header_logo.gif = img\portfolio\header_logo.gif
		img\logo\linkedin.png = img\logo\linkedin.png
		img\portfolio\ludum.png = img\portfolio\ludum.png
		img\portfolio\marquislogo.png = img\portfolio\marquislogo.png
		img\portfolio\ms.png = img\portfolio\ms.png
		img\logo\pdf.png = img\logo\pdf.png
		img\portfolio\pkp_circle.jpg = img\portfolio\pkp_circle.jpg
		img\portfolio\tcc.jpg = img\portfolio\tcc.jpg
		img\portfolio\twitter.jpg = img\portfolio\twitter.jpg
		img\portfolio\uflogo.jpg = img\portfolio\uflogo.jpg
	EndProjectSection
EndProject
Global
	GlobalSection(SolutionProperties) = preSolution
		HideSolutionNode = FALSE
	EndGlobalSection
	GlobalSection(NestedProjects) = preSolution
		{1A9ECD87-EC1D-4ADD-BA8E-051FF28C2248} = {8ACDF89B-416D-4DE3-A993-68B63AE7DA0F}
		{4DC5EC4D-3325-472C-88FC-C6109F09B5EB} = {8ACDF89B-416D-4DE3-A993-68B63AE7DA0F}
		{C4838A57-D12B-4CEC-8112-91C4E5BBED42} = {8ACDF89B-416D-4DE3-A993-68B63AE7DA0F}
		{DBA92B7A-DFFE-419D-BE4B-B099A3D69A79} = {C4838A57-D12B-4CEC-8112-91C4E5BBED42}
		{CF040108-6468-42F0-B622-ABBAEA6CCB19} = {C4838A57-D12B-4CEC-8112-91C4E5BBED42}
		{D9E134A8-6944-4752-B2A2-61E78EC7C82F} = {C4838A57-D12B-4CEC-8112-91C4E5BBED42}
		{C87E6B51-FDD0-48D4-AFDF-3EE7DE869B91} = {C4838A57-D12B-4CEC-8112-91C4E5BBED42}
		{9FD3D34B-24C9-4F80-853F-207079209275} = {8ACDF89B-416D-4DE3-A993-68B63AE7DA0F}
		{3E25AB9E-55C1-4820-A0B0-37BB0B85D6DA} = {8ACDF89B-416D-4DE3-A993-68B63AE7DA0F}
		{AFD6F6A4-DDD7-43EE-9B8E-7484772E8D99} = {8ACDF89B-416D-4DE3-A993-68B63AE7DA0F}
		{07AC4149-81A9-433C-982B-321C6BF5CD67} = {8ACDF89B-416D-4DE3-A993-68B63AE7DA0F}
		{80F0C823-6732-4740-BE43-BABE45CD5985} = {8ACDF89B-416D-4DE3-A993-68B63AE7DA0F}
		{A2BE9BCA-2C4C-4DB7-BBEC-C39B38C1C2C6} = {3E25AB9E-55C1-4820-A0B0-37BB0B85D6DA}
		{A65E28D0-AA1A-499D-9ECD-51CD8B7C3550} = {3E25AB9E-55C1-4820-A0B0-37BB0B85D6DA}
	EndGlobalSection
EndGlobal
